
Microsoft Visual Studio Solution File, Format Version 12.00
# Visual Studio 15
VisualStudioVersion = 15.0.28307.1062
MinimumVisualStudioVersion = 10.0.40219.1
Project("{8BC9CEB8-8B4A-11D0-8D11-00A0C91BC942}") = "HuffmanEncoding_inArray", "HuffmanEncoding_inArray.vcxproj", "{EA59A3A4-A6E7-4B2E-A180-6E2B8D646EC5}"
EndProject
Global
	GlobalSection(SolutionConfigurationPlatforms) = preSolution
		Debug|x64 = Debug|x64
		Debug|x86 = Debug|x86
		Release|x64 = Release|x64
		Release|x86 = Release|x86
	EndGlobalSection
	GlobalSection(ProjectConfigurationPlatforms) = postSolution
		{EA59A3A4-A6E7-4B2E-A180-6E2B8D646EC5}.Debug|x64.ActiveCfg = Debug|x64
		{EA59A3A4-A6E7-4B2E-A180-6E2B8D646EC5}.Debug|x64.Build.0 = Debug|x64
		{EA59A3A4-A6E7-4B2E-A180-6E2B8D646EC5}.Debug|x86.ActiveCfg = Debug|Win32
		{EA59A3A4-A6E7-4B2E-A180-6E2B8D646EC5}.Debug|x86.Build.0 = Debug|Win32
		{EA59A3A4-A6E7-4B2E-A180-6E2B8D646EC5}.Release|x64.ActiveCfg = Release|x64
		{EA59A3A4-A6E7-4B2E-A180-6E2B8D646EC5}.Release|x64.Build.0 = Release|x64
		{EA59A3A4-A6E7-4B2E-A180-6E2B8D646EC5}.Release|x86.ActiveCfg = Release|Win32
		{EA59A3A4-A6E7-4B2E-A180-6E2B8D646EC5}.Release|x86.Build.0 = Release|Win32
	EndGlobalSection
	GlobalSection(SolutionProperties) = preSolution
		HideSolutionNode = FALSE
	EndGlobalSection
	GlobalSection(ExtensibilityGlobals) = postSolution
		SolutionGuid = {7B0EA645-9377-49CA-A541-1D32D2E3859A}
	EndGlobalSection
EndGlobal
